
Microsoft Visual Studio Solution File, Format Version 12.00
# Visual Studio 15
VisualStudioVersion = 15.0.28010.2048
MinimumVisualStudioVersion = 10.0.40219.1
Project("{FAE04EC0-301F-11D3-BF4B-00C04F79EFBC}") = "RecordNoteCore", "RecordNoteCore\RecordNoteCore.csproj", "{CA6EC419-E986-4B0B-BF62-5B32025B4C5A}"
EndProject
Global
	GlobalSection(SolutionConfigurationPlatforms) = preSolution
		Debug|Any CPU = Debug|Any CPU
		Release|Any CPU = Release|Any CPU
	EndGlobalSection
	GlobalSection(ProjectConfigurationPlatforms) = postSolution
		{CA6EC419-E986-4B0B-BF62-5B32025B4C5A}.Debug|Any CPU.ActiveCfg = Debug|Any CPU
		{CA6EC419-E986-4B0B-BF62-5B32025B4C5A}.Debug|Any CPU.Build.0 = Debug|Any CPU
		{CA6EC419-E986-4B0B-BF62-5B32025B4C5A}.Release|Any CPU.ActiveCfg = Release|Any CPU
		{CA6EC419-E986-4B0B-BF62-5B32025B4C5A}.Release|Any CPU.Build.0 = Release|Any CPU
	EndGlobalSection
	GlobalSection(SolutionProperties) = preSolution
		HideSolutionNode = FALSE
	EndGlobalSection
	GlobalSection(ExtensibilityGlobals) = postSolution
		SolutionGuid = {B83956AF-A11E-4665-B55C-0D5033DDD765}
	EndGlobalSection
EndGlobal
